// !$*UTF8*$!
{
	archiveVersion = 1;
	classes = {
	};
	objectVersion = 46;
	objects = {

/* Begin PBXBuildFile section */
		ED9CEFEA183B961E00E83817 /* Foundation.framework in Frameworks */ = {isa = PBXBuildFile; fileRef = ED9CEFE9183B961E00E83817 /* Foundation.framework */; };
		ED9CEFEC183B961E00E83817 /* CoreGraphics.framework in Frameworks */ = {isa = PBXBuildFile; fileRef = ED9CEFEB183B961E00E83817 /* CoreGraphics.framework */; };
		ED9CEFEE183B961E00E83817 /* UIKit.framework in Frameworks */ = {isa = PBXBuildFile; fileRef = ED9CEFED183B961E00E83817 /* UIKit.framework */; };
		ED9CEFF4183B961E00E83817 /* InfoPlist.strings in Resources */ = {isa = PBXBuildFile; fileRef = ED9CEFF2183B961E00E83817 /* InfoPlist.strings */; };
		ED9CEFF6183B961E00E83817 /* main.m in Sources */ = {isa = PBXBuildFile; fileRef = ED9CEFF5183B961E00E83817 /* main.m */; };
		ED9CEFFA183B961E00E83817 /* AppDelegate.m in Sources */ = {isa = PBXBuildFile; fileRef = ED9CEFF9183B961E00E83817 /* AppDelegate.m */; };
		ED9CEFFD183B961E00E83817 /* Main.storyboard in Resources */ = {isa = PBXBuildFile; fileRef = ED9CEFFB183B961E00E83817 /* Main.storyboard */; };
		ED9CF000183B961E00E83817 /* ViewController.m in Sources */ = {isa = PBXBuildFile; fileRef = ED9CEFFF183B961E00E83817 /* ViewController.m */; };
		ED9CF002183B961E00E83817 /* Images.xcassets in Resources */ = {isa = PBXBuildFile; fileRef = ED9CF001183B961E00E83817 /* Images.xcassets */; };
		ED9CF009183B961E00E83817 /* XCTest.framework in Frameworks */ = {isa = PBXBuildFile; fileRef = ED9CF008183B961E00E83817 /* XCTest.framework */; };
		ED9CF00A183B961E00E83817 /* Foundation.framework in Frameworks */ = {isa = PBXBuildFile; fileRef = ED9CEFE9183B961E00E83817 /* Foundation.framework */; };
		ED9CF00B183B961E00E83817 /* UIKit.framework in Frameworks */ = {isa = PBXBuildFile; fileRef = ED9CEFED183B961E00E83817 /* UIKit.framework */; };
		ED9CF013183B961E00E83817 /* InfoPlist.strings in Resources */ = {isa = PBXBuildFile; fileRef = ED9CF011183B961E00E83817 /* InfoPlist.strings */; };
		ED9CF015183B961E00E83817 /* DemogitTests.m in Sources */ = {isa = PBXBuildFile; fileRef = ED9CF014183B961E00E83817 /* DemogitTests.m */; };
/* End PBXBuildFile section */

/* Begin PBXContainerItemProxy section */
		ED9CF00C183B961E00E83817 /* PBXContainerItemProxy */ = {
			isa = PBXContainerItemProxy;
			containerPortal = ED9CEFDE183B961E00E83817 /* Project object */;
			proxyType = 1;
			remoteGlobalIDString = ED9CEFE5183B961E00E83817;
			remoteInfo = Demogit;
		};
/* End PBXContainerItemProxy section */

/* Begin PBXFileReference section */
		ED9CEFE6183B961E00E83817 /* Demogit.app */ = {isa = PBXFileReference; explicitFileType = wrapper.application; includeInIndex = 0; path = Demogit.app; sourceTree = BUILT_PRODUCTS_DIR; };
		ED9CEFE9183B961E00E83817 /* Foundation.framework */ = {isa = PBXFileReference; lastKnownFileType = wrapper.framework; name = Foundation.framework; path = System/Library/Frameworks/Foundation.framework; sourceTree = SDKROOT; };
		ED9CEFEB183B961E00E83817 /* CoreGraphics.framework */ = {isa = PBXFileReference; lastKnownFileType = wrapper.framework; name = CoreGraphics.framework; path = System/Library/Frameworks/CoreGraphics.framework; sourceTree = SDKROOT; };
		ED9CEFED183B961E00E83817 /* UIKit.framework */ = {isa = PBXFileReference; lastKnownFileType = wrapper.framework; name = UIKit.framework; path = System/Library/Frameworks/UIKit.framework; sourceTree = SDKROOT; };
		ED9CEFF1183B961E00E83817 /* Demogit-Info.plist */ = {isa = PBXFileReference; lastKnownFileType = text.plist.xml; path = "Demogit-Info.plist"; sourceTree = "<group>"; };
		ED9CEFF3183B961E00E83817 /* en */ = {isa = PBXFileReference; lastKnownFileType = text.plist.strings; name = en; path = en.lproj/InfoPlist.strings; sourceTree = "<group>"; };
		ED9CEFF5183B961E00E83817 /* main.m */ = {isa = PBXFileReference; lastKnownFileType = sourcecode.c.objc; path = main.m; sourceTree = "<group>"; };
		ED9CEFF7183B961E00E83817 /* Demogit-Prefix.pch */ = {isa = PBXFileReference; lastKnownFileType = sourcecode.c.h; path = "Demogit-Prefix.pch"; sourceTree = "<group>"; };
		ED9CEFF8183B961E00E83817 /* AppDelegate.h */ = {isa = PBXFileReference; lastKnownFileType = sourcecode.c.h; path = AppDelegate.h; sourceTree = "<group>"; };
		ED9CEFF9183B961E00E83817 /* AppDelegate.m */ = {isa = PBXFileReference; lastKnownFileType = sourcecode.c.objc; path = AppDelegate.m; sourceTree = "<group>"; };
		ED9CEFFC183B961E00E83817 /* Base */ = {isa = PBXFileReference; lastKnownFileType = file.storyboard; name = Base; path = Base.lproj/Main.storyboard; sourceTree = "<group>"; };
		ED9CEFFE183B961E00E83817 /* ViewController.h */ = {isa = PBXFileReference; lastKnownFileType = sourcecode.c.h; path = ViewController.h; sourceTree = "<group>"; };
		ED9CEFFF183B961E00E83817 /* ViewController.m */ = {isa = PBXFileReference; lastKnownFileType = sourcecode.c.objc; path = ViewController.m; sourceTree = "<group>"; };
		ED9CF001183B961E00E83817 /* Images.xcassets */ = {isa = PBXFileReference; lastKnownFileType = folder.assetcatalog; path = Images.xcassets; sourceTree = "<group>"; };
		ED9CF007183B961E00E83817 /* DemogitTests.xctest */ = {isa = PBXFileReference; explicitFileType = wrapper.cfbundle; includeInIndex = 0; path = DemogitTests.xctest; sourceTree = BUILT_PRODUCTS_DIR; };
		ED9CF008183B961E00E83817 /* XCTest.framework */ = {isa = PBXFileReference; lastKnownFileType = wrapper.framework; name = XCTest.framework; path = Library/Frameworks/XCTest.framework; sourceTree = DEVELOPER_DIR; };
		ED9CF010183B961E00E83817 /* DemogitTests-Info.plist */ = {isa = PBXFileReference; lastKnownFileType = text.plist.xml; path = "DemogitTests-Info.plist"; sourceTree = "<group>"; };
		ED9CF012183B961E00E83817 /* en */ = {isa = PBXFileReference; lastKnownFileType = text.plist.strings; name = en; path = en.lproj/InfoPlist.strings; sourceTree = "<group>"; };
		ED9CF014183B961E00E83817 /* DemogitTests.m */ = {isa = PBXFileReference; lastKnownFileType = sourcecode.c.objc; path = DemogitTests.m; sourceTree = "<group>"; };
/* End PBXFileReference section */

/* Begin PBXFrameworksBuildPhase section */
		ED9CEFE3183B961E00E83817 /* Frameworks */ = {
			isa = PBXFrameworksBuildPhase;
			buildActionMask = 2147483647;
			files = (
				ED9CEFEC183B961E00E83817 /* CoreGraphics.framework in Frameworks */,
				ED9CEFEE183B961E00E83817 /* UIKit.framework in Frameworks */,
				ED9CEFEA183B961E00E83817 /* Foundation.framework in Frameworks */,
			);
			runOnlyForDeploymentPostprocessing = 0;
		};
		ED9CF004183B961E00E83817 /* Frameworks */ = {
			isa = PBXFrameworksBuildPhase;
			buildActionMask = 2147483647;
			files = (
				ED9CF009183B961E00E83817 /* XCTest.framework in Frameworks */,
				ED9CF00B183B961E00E83817 /* UIKit.framework in Frameworks */,
				ED9CF00A183B961E00E83817 /* Foundation.framework in Frameworks */,
			);
			runOnlyForDeploymentPostprocessing = 0;
		};
/* End PBXFrameworksBuildPhase section */

/* Begin PBXGroup section */
		ED9CEFDD183B961E00E83817 = {
			isa = PBXGroup;
			children = (
				ED9CEFEF183B961E00E83817 /* Demogit */,
				ED9CF00E183B961E00E83817 /* DemogitTests */,
				ED9CEFE8183B961E00E83817 /* Frameworks */,
				ED9CEFE7183B961E00E83817 /* Products */,
			);
			sourceTree = "<group>";
		};
		ED9CEFE7183B961E00E83817 /* Products */ = {
			isa = PBXGroup;
			children = (
				ED9CEFE6183B961E00E83817 /* Demogit.app */,
				ED9CF007183B961E00E83817 /* DemogitTests.xctest */,
			);
			name = Products;
			sourceTree = "<group>";
		};
		ED9CEFE8183B961E00E83817 /* Frameworks */ = {
			isa = PBXGroup;
			children = (
				ED9CEFE9183B961E00E83817 /* Foundation.framework */,
				ED9CEFEB183B961E00E83817 /* CoreGraphics.framework */,
				ED9CEFED183B961E00E83817 /* UIKit.framework */,
				ED9CF008183B961E00E83817 /* XCTest.framework */,
			);
			name = Frameworks;
			sourceTree = "<group>";
		};
		ED9CEFEF183B961E00E83817 /* Demogit */ = {
			isa = PBXGroup;
			children = (
				ED9CEFF8183B961E00E83817 /* AppDelegate.h */,
				ED9CEFF9183B961E00E83817 /* AppDelegate.m */,
				ED9CEFFB183B961E00E83817 /* Main.storyboard */,
				ED9CEFFE183B961E00E83817 /* ViewController.h */,
				ED9CEFFF183B961E00E83817 /* ViewController.m */,
				ED9CF001183B961E00E83817 /* Images.xcassets */,
				ED9CEFF0183B961E00E83817 /* Supporting Files */,
			);
			path = Demogit;
			sourceTree = "<group>";
		};
		ED9CEFF0183B961E00E83817 /* Supporting Files */ = {
			isa = PBXGroup;
			children = (
				ED9CEFF1183B961E00E83817 /* Demogit-Info.plist */,
				ED9CEFF2183B961E00E83817 /* InfoPlist.strings */,
				ED9CEFF5183B961E00E83817 /* main.m */,
				ED9CEFF7183B961E00E83817 /* Demogit-Prefix.pch */,
			);
			name = "Supporting Files";
			sourceTree = "<group>";
		};
		ED9CF00E183B961E00E83817 /* DemogitTests */ = {
			isa = PBXGroup;
			children = (
				ED9CF014183B961E00E83817 /* DemogitTests.m */,
				ED9CF00F183B961E00E83817 /* Supporting Files */,
			);
			path = DemogitTests;
			sourceTree = "<group>";
		};
		ED9CF00F183B961E00E83817 /* Supporting Files */ = {
			isa = PBXGroup;
			children = (
				ED9CF010183B961E00E83817 /* DemogitTests-Info.plist */,
				ED9CF011183B961E00E83817 /* InfoPlist.strings */,
			);
			name = "Supporting Files";
			sourceTree = "<group>";
		};
/* End PBXGroup section */

/* Begin PBXNativeTarget section */
		ED9CEFE5183B961E00E83817 /* Demogit */ = {
			isa = PBXNativeTarget;
			buildConfigurationList = ED9CF018183B961E00E83817 /* Build configuration list for PBXNativeTarget "Demogit" */;
			buildPhases = (
				ED9CEFE2183B961E00E83817 /* Sources */,
				ED9CEFE3183B961E00E83817 /* Frameworks */,
				ED9CEFE4183B961E00E83817 /* Resources */,
			);
			buildRules = (
			);
			dependencies = (
			);
			name = Demogit;
			productName = Demogit;
			productReference = ED9CEFE6183B961E00E83817 /* Demogit.app */;
			productType = "com.apple.product-type.application";
		};
		ED9CF006183B961E00E83817 /* DemogitTests */ = {
			isa = PBXNativeTarget;
			buildConfigurationList = ED9CF01B183B961E00E83817 /* Build configuration list for PBXNativeTarget "DemogitTests" */;
			buildPhases = (
				ED9CF003183B961E00E83817 /* Sources */,
				ED9CF004183B961E00E83817 /* Frameworks */,
				ED9CF005183B961E00E83817 /* Resources */,
			);
			buildRules = (
			);
			dependencies = (
				ED9CF00D183B961E00E83817 /* PBXTargetDependency */,
			);
			name = DemogitTests;
			productName = DemogitTests;
			productReference = ED9CF007183B961E00E83817 /* DemogitTests.xctest */;
			productType = "com.apple.product-type.bundle.unit-test";
		};
/* End PBXNativeTarget section */

/* Begin PBXProject section */
		ED9CEFDE183B961E00E83817 /* Project object */ = {
			isa = PBXProject;
			attributes = {
				LastUpgradeCheck = 0500;
				ORGANIZATIONNAME = ios19;
				TargetAttributes = {
					ED9CF006183B961E00E83817 = {
						TestTargetID = ED9CEFE5183B961E00E83817;
					};
				};
			};
			buildConfigurationList = ED9CEFE1183B961E00E83817 /* Build configuration list for PBXProject "Demogit" */;
			compatibilityVersion = "Xcode 3.2";
			developmentRegion = English;
			hasScannedForEncodings = 0;
			knownRegions = (
				en,
				Base,
			);
			mainGroup = ED9CEFDD183B961E00E83817;
			productRefGroup = ED9CEFE7183B961E00E83817 /* Products */;
			projectDirPath = "";
			projectRoot = "";
			targets = (
				ED9CEFE5183B961E00E83817 /* Demogit */,
				ED9CF006183B961E00E83817 /* DemogitTests */,
			);
		};
/* End PBXProject section */

/* Begin PBXResourcesBuildPhase section */
		ED9CEFE4183B961E00E83817 /* Resources */ = {
			isa = PBXResourcesBuildPhase;
			buildActionMask = 2147483647;
			files = (
				ED9CF002183B961E00E83817 /* Images.xcassets in Resources */,
				ED9CEFF4183B961E00E83817 /* InfoPlist.strings in Resources */,
				ED9CEFFD183B961E00E83817 /* Main.storyboard in Resources */,
			);
			runOnlyForDeploymentPostprocessing = 0;
		};
		ED9CF005183B961E00E83817 /* Resources */ = {
			isa = PBXResourcesBuildPhase;
			buildActionMask = 2147483647;
			files = (
				ED9CF013183B961E00E83817 /* InfoPlist.strings in Resources */,
			);
			runOnlyForDeploymentPostprocessing = 0;
		};
/* End PBXResourcesBuildPhase section */

/* Begin PBXSourcesBuildPhase section */
		ED9CEFE2183B961E00E83817 /* Sources */ = {
			isa = PBXSourcesBuildPhase;
			buildActionMask = 2147483647;
			files = (
				ED9CF000183B961E00E83817 /* ViewController.m in Sources */,
				ED9CEFFA183B961E00E83817 /* AppDelegate.m in Sources */,
				ED9CEFF6183B961E00E83817 /* main.m in Sources */,
			);
			runOnlyForDeploymentPostprocessing = 0;
		};
		ED9CF003183B961E00E83817 /* Sources */ = {
			isa = PBXSourcesBuildPhase;
			buildActionMask = 2147483647;
			files = (
				ED9CF015183B961E00E83817 /* DemogitTests.m in Sources */,
			);
			runOnlyForDeploymentPostprocessing = 0;
		};
/* End PBXSourcesBuildPhase section */

/* Begin PBXTargetDependency section */
		ED9CF00D183B961E00E83817 /* PBXTargetDependency */ = {
			isa = PBXTargetDependency;
			target = ED9CEFE5183B961E00E83817 /* Demogit */;
			targetProxy = ED9CF00C183B961E00E83817 /* PBXContainerItemProxy */;
		};
/* End PBXTargetDependency section */

/* Begin PBXVariantGroup section */
		ED9CEFF2183B961E00E83817 /* InfoPlist.strings */ = {
			isa = PBXVariantGroup;
			children = (
				ED9CEFF3183B961E00E83817 /* en */,
			);
			name = InfoPlist.strings;
			sourceTree = "<group>";
		};
		ED9CEFFB183B961E00E83817 /* Main.storyboard */ = {
			isa = PBXVariantGroup;
			children = (
				ED9CEFFC183B961E00E83817 /* Base */,
			);
			name = Main.storyboard;
			sourceTree = "<group>";
		};
		ED9CF011183B961E00E83817 /* InfoPlist.strings */ = {
			isa = PBXVariantGroup;
			children = (
				ED9CF012183B961E00E83817 /* en */,
			);
			name = InfoPlist.strings;
			sourceTree = "<group>";
		};
/* End PBXVariantGroup section */

/* Begin XCBuildConfiguration section */
		ED9CF016183B961E00E83817 /* Debug */ = {
			isa = XCBuildConfiguration;
			buildSettings = {
				ALWAYS_SEARCH_USER_PATHS = NO;
				ARCHS = "$(ARCHS_STANDARD_INCLUDING_64_BIT)";
				CLANG_CXX_LANGUAGE_STANDARD = "gnu++0x";
				CLANG_CXX_LIBRARY = "libc++";
				CLANG_ENABLE_MODULES = YES;
				CLANG_ENABLE_OBJC_ARC = YES;
				CLANG_WARN_BOOL_CONVERSION = YES;
				CLANG_WARN_CONSTANT_CONVERSION = YES;
				CLANG_WARN_DIRECT_OBJC_ISA_USAGE = YES_ERROR;
				CLANG_WARN_EMPTY_BODY = YES;
				CLANG_WARN_ENUM_CONVERSION = YES;
				CLANG_WARN_INT_CONVERSION = YES;
				CLANG_WARN_OBJC_ROOT_CLASS = YES_ERROR;
				CLANG_WARN__DUPLICATE_METHOD_MATCH = YES;
				"CODE_SIGN_IDENTITY[sdk=iphoneos*]" = "iPhone Developer";
				COPY_PHASE_STRIP = NO;
				GCC_C_LANGUAGE_STANDARD = gnu99;
				GCC_DYNAMIC_NO_PIC = NO;
				GCC_OPTIMIZATION_LEVEL = 0;
				GCC_PREPROCESSOR_DEFINITIONS = (
					"DEBUG=1",
					"$(inherited)",
				);
				GCC_SYMBOLS_PRIVATE_EXTERN = NO;
				GCC_WARN_64_TO_32_BIT_CONVERSION = YES;
				GCC_WARN_ABOUT_RETURN_TYPE = YES_ERROR;
				GCC_WARN_UNDECLARED_SELECTOR = YES;
				GCC_WARN_UNINITIALIZED_AUTOS = YES;
				GCC_WARN_UNUSED_FUNCTION = YES;
				GCC_WARN_UNUSED_VARIABLE = YES;
				IPHONEOS_DEPLOYMENT_TARGET = 7.0;
				ONLY_ACTIVE_ARCH = YES;
				SDKROOT = iphoneos;
			};
			name = Debug;
		};
		ED9CF017183B961E00E83817 /* Release */ = {
			isa = XCBuildConfiguration;
			buildSettings = {
				ALWAYS_SEARCH_USER_PATHS = NO;
				ARCHS = "$(ARCHS_STANDARD_INCLUDING_64_BIT)";
				CLANG_CXX_LANGUAGE_STANDARD = "gnu++0x";
				CLANG_CXX_LIBRARY = "libc++";
				CLANG_ENABLE_MODULES = YES;
				CLANG_ENABLE_OBJC_ARC = YES;
				CLANG_WARN_BOOL_CONVERSION = YES;
				CLANG_WARN_CONSTANT_CONVERSION = YES;
				CLANG_WARN_DIRECT_OBJC_ISA_USAGE = YES_ERROR;
				CLANG_WARN_EMPTY_BODY = YES;
				CLANG_WARN_ENUM_CONVERSION = YES;
				CLANG_WARN_INT_CONVERSION = YES;
				CLANG_WARN_OBJC_ROOT_CLASS = YES_ERROR;
				CLANG_WARN__DUPLICATE_METHOD_MATCH = YES;
				"CODE_SIGN_IDENTITY[sdk=iphoneos*]" = "iPhone Developer";
				COPY_PHASE_STRIP = YES;
				ENABLE_NS_ASSERTIONS = NO;
				GCC_C_LANGUAGE_STANDARD = gnu99;
				GCC_WARN_64_TO_32_BIT_CONVERSION = YES;
				GCC_WARN_ABOUT_RETURN_TYPE = YES_ERROR;
				GCC_WARN_UNDECLARED_SELECTOR = YES;
				GCC_WARN_UNINITIALIZED_AUTOS = YES;
				GCC_WARN_UNUSED_FUNCTION = YES;
				GCC_WARN_UNUSED_VARIABLE = YES;
				IPHONEOS_DEPLOYMENT_TARGET = 7.0;
				SDKROOT = iphoneos;
				VALIDATE_PRODUCT = YES;
			};
			name = Release;
		};
		ED9CF019183B961E00E83817 /* Debug */ = {
			isa = XCBuildConfiguration;
			buildSettings = {
				ASSETCATALOG_COMPILER_APPICON_NAME = AppIcon;
				ASSETCATALOG_COMPILER_LAUNCHIMAGE_NAME = LaunchImage;
				GCC_PRECOMPILE_PREFIX_HEADER = YES;
				GCC_PREFIX_HEADER = "Demogit/Demogit-Prefix.pch";
				INFOPLIST_FILE = "Demogit/Demogit-Info.plist";
				PRODUCT_NAME = "$(TARGET_NAME)";
				WRAPPER_EXTENSION = app;
			};
			name = Debug;
		};
		ED9CF01A183B961E00E83817 /* Release */ = {
			isa = XCBuildConfiguration;
			buildSettings = {
				ASSETCATALOG_COMPILER_APPICON_NAME = AppIcon;
				ASSETCATALOG_COMPILER_LAUNCHIMAGE_NAME = LaunchImage;
				GCC_PRECOMPILE_PREFIX_HEADER = YES;
				GCC_PREFIX_HEADER = "Demogit/Demogit-Prefix.pch";
				INFOPLIST_FILE = "Demogit/Demogit-Info.plist";
				PRODUCT_NAME = "$(TARGET_NAME)";
				WRAPPER_EXTENSION = app;
			};
			name = Release;
		};
		ED9CF01C183B961E00E83817 /* Debug */ = {
			isa = XCBuildConfiguration;
			buildSettings = {
				ARCHS = "$(ARCHS_STANDARD_INCLUDING_64_BIT)";
				BUNDLE_LOADER = "$(BUILT_PRODUCTS_DIR)/Demogit.app/Demogit";
				FRAMEWORK_SEARCH_PATHS = (
					"$(SDKROOT)/Developer/Library/Frameworks",
					"$(inherited)",
					"$(DEVELOPER_FRAMEWORKS_DIR)",
				);
				GCC_PRECOMPILE_PREFIX_HEADER = YES;
				GCC_PREFIX_HEADER = "Demogit/Demogit-Prefix.pch";
				GCC_PREPROCESSOR_DEFINITIONS = (
					"DEBUG=1",
					"$(inherited)",
				);
				INFOPLIST_FILE = "DemogitTests/DemogitTests-Info.plist";
				PRODUCT_NAME = "$(TARGET_NAME)";
				TEST_HOST = "$(BUNDLE_LOADER)";
				WRAPPER_EXTENSION = xctest;
			};
			name = Debug;
		};
		ED9CF01D183B961E00E83817 /* Release */ = {
			isa = XCBuildConfiguration;
			buildSettings = {
				ARCHS = "$(ARCHS_STANDARD_INCLUDING_64_BIT)";
				BUNDLE_LOADER = "$(BUILT_PRODUCTS_DIR)/Demogit.app/Demogit";
				FRAMEWORK_SEARCH_PATHS = (
					"$(SDKROOT)/Developer/Library/Frameworks",
					"$(inherited)",
					"$(DEVELOPER_FRAMEWORKS_DIR)",
				);
				GCC_PRECOMPILE_PREFIX_HEADER = YES;
				GCC_PREFIX_HEADER = "Demogit/Demogit-Prefix.pch";
				INFOPLIST_FILE = "DemogitTests/DemogitTests-Info.plist";
				PRODUCT_NAME = "$(TARGET_NAME)";
				TEST_HOST = "$(BUNDLE_LOADER)";
				WRAPPER_EXTENSION = xctest;
			};
			name = Release;
		};
/* End XCBuildConfiguration section */

/* Begin XCConfigurationList section */
		ED9CEFE1183B961E00E83817 /* Build configuration list for PBXProject "Demogit" */ = {
			isa = XCConfigurationList;
			buildConfigurations = (
				ED9CF016183B961E00E83817 /* Debug */,
				ED9CF017183B961E00E83817 /* Release */,
			);
			defaultConfigurationIsVisible = 0;
			defaultConfigurationName = Release;
		};
		ED9CF018183B961E00E83817 /* Build configuration list for PBXNativeTarget "Demogit" */ = {
			isa = XCConfigurationList;
			buildConfigurations = (
				ED9CF019183B961E00E83817 /* Debug */,
				ED9CF01A183B961E00E83817 /* Release */,
			);
			defaultConfigurationIsVisible = 0;
		};
		ED9CF01B183B961E00E83817 /* Build configuration list for PBXNativeTarget "DemogitTests" */ = {
			isa = XCConfigurationList;
			buildConfigurations = (
				ED9CF01C183B961E00E83817 /* Debug */,
				ED9CF01D183B961E00E83817 /* Release */,
			);
			defaultConfigurationIsVisible = 0;
		};
/* End XCConfigurationList section */
	};
	rootObject = ED9CEFDE183B961E00E83817 /* Project object */;
}
